# This file is autogenerated, do not edit; changes may be undone by the next 'dep ensure'.


[[projects]]
  branch = "master"
  name = "github.com/hybridgroup/mjpeg"
  packages = ["."]
  revision = "4680f319790ebffe28bbee775ecd1725693731ca"

[[projects]]
  name = "github.com/machinebox/sdk-go"
  packages = ["boxutil","facebox"]
  revision = "19f91142719a73cb057010920fba2de96dab5157"
  version = "v0.3.0"

[[projects]]
  name = "github.com/pkg/errors"
  packages = ["."]
  revision = "645ef00459ed84a119197bfb8d8205042c6df63d"
  version = "v0.8.0"

[[projects]]
  name = "gocv.io/x/gocv"
  packages = ["."]
  revision = "e15f50944641934b422fa4f907028058690bba00"
  version = "0.12.0"

[solve-meta]
  analyzer-name = "dep"
  analyzer-version = 1
  inputs-digest = "0c187f6f540b79ab62bae80614125bd87153032275997d3a02c1036aff003845"
  solver-name = "gps-cdcl"
  solver-version = 1
